// !$*UTF8*$!
{
	archiveVersion = 1;
	classes = {
	};
	objectVersion = 50;
	objects = {

/* Begin PBXBuildFile section */
		231E8927249C9B0700397CB2 /* AppDelegate.m in Sources */ = {isa = PBXBuildFile; fileRef = 231E8926249C9B0700397CB2 /* AppDelegate.m */; };
		231E892A249C9B0700397CB2 /* SceneDelegate.m in Sources */ = {isa = PBXBuildFile; fileRef = 231E8929249C9B0700397CB2 /* SceneDelegate.m */; };
		231E892D249C9B0700397CB2 /* ViewController.m in Sources */ = {isa = PBXBuildFile; fileRef = 231E892C249C9B0700397CB2 /* ViewController.m */; };
		231E8930249C9B0700397CB2 /* Main.storyboard in Resources */ = {isa = PBXBuildFile; fileRef = 231E892E249C9B0700397CB2 /* Main.storyboard */; };
		231E8932249C9B0800397CB2 /* Assets.xcassets in Resources */ = {isa = PBXBuildFile; fileRef = 231E8931249C9B0800397CB2 /* Assets.xcassets */; };
		231E8935249C9B0800397CB2 /* LaunchScreen.storyboard in Resources */ = {isa = PBXBuildFile; fileRef = 231E8933249C9B0800397CB2 /* LaunchScreen.storyboard */; };
		231E8938249C9B0800397CB2 /* main.m in Sources */ = {isa = PBXBuildFile; fileRef = 231E8937249C9B0800397CB2 /* main.m */; };
		231E8964249C9B6800397CB2 /* UIView+WHLFrame.m in Sources */ = {isa = PBXBuildFile; fileRef = 231E893F249C9B6800397CB2 /* UIView+WHLFrame.m */; };
		231E8965249C9B6800397CB2 /* NSString+WHLAdditions.m in Sources */ = {isa = PBXBuildFile; fileRef = 231E8941249C9B6800397CB2 /* NSString+WHLAdditions.m */; };
		231E8966249C9B6800397CB2 /* NSString+WHLAES128.m in Sources */ = {isa = PBXBuildFile; fileRef = 231E8942249C9B6800397CB2 /* NSString+WHLAES128.m */; };
		231E8967249C9B6800397CB2 /* UIView+WHLCustomAlertView.m in Sources */ = {isa = PBXBuildFile; fileRef = 231E8943249C9B6800397CB2 /* UIView+WHLCustomAlertView.m */; };
		231E8968249C9B6800397CB2 /* NSDictionary+WHLCategory.m in Sources */ = {isa = PBXBuildFile; fileRef = 231E894A249C9B6800397CB2 /* NSDictionary+WHLCategory.m */; };
		231E8969249C9B6800397CB2 /* UINavigationBar+WHLHandle.m in Sources */ = {isa = PBXBuildFile; fileRef = 231E894D249C9B6800397CB2 /* UINavigationBar+WHLHandle.m */; };
		231E896A249C9B6800397CB2 /* UIView+WHLNibLoad.m in Sources */ = {isa = PBXBuildFile; fileRef = 231E894E249C9B6800397CB2 /* UIView+WHLNibLoad.m */; };
		231E896B249C9B6800397CB2 /* UITextView+WHLPlaceholder.m in Sources */ = {isa = PBXBuildFile; fileRef = 231E894F249C9B6800397CB2 /* UITextView+WHLPlaceholder.m */; };
		231E896C249C9B6800397CB2 /* NSString+WHLAppPath.m in Sources */ = {isa = PBXBuildFile; fileRef = 231E8950249C9B6800397CB2 /* NSString+WHLAppPath.m */; };
		231E896D249C9B6800397CB2 /* UIView+WHLCornerRadius.m in Sources */ = {isa = PBXBuildFile; fileRef = 231E8954249C9B6800397CB2 /* UIView+WHLCornerRadius.m */; };
		231E896E249C9B6800397CB2 /* NSDate+WHLCategory.m in Sources */ = {isa = PBXBuildFile; fileRef = 231E8956249C9B6800397CB2 /* NSDate+WHLCategory.m */; };
		231E896F249C9B6800397CB2 /* UITextField+WHLPlaceholder.m in Sources */ = {isa = PBXBuildFile; fileRef = 231E8957249C9B6800397CB2 /* UITextField+WHLPlaceholder.m */; };
		231E8970249C9B6800397CB2 /* UIColor+WHLTransform.m in Sources */ = {isa = PBXBuildFile; fileRef = 231E8958249C9B6800397CB2 /* UIColor+WHLTransform.m */; };
		231E8971249C9B6800397CB2 /* UICollectionView+WHLRegisterCell.m in Sources */ = {isa = PBXBuildFile; fileRef = 231E8959249C9B6800397CB2 /* UICollectionView+WHLRegisterCell.m */; };
		231E8972249C9B6800397CB2 /* UIBarButtonItem+WHLCreate.m in Sources */ = {isa = PBXBuildFile; fileRef = 231E895A249C9B6800397CB2 /* UIBarButtonItem+WHLCreate.m */; };
		231E8973249C9B6800397CB2 /* UITabBar+WHLTabBadgeView.m in Sources */ = {isa = PBXBuildFile; fileRef = 231E895B249C9B6800397CB2 /* UITabBar+WHLTabBadgeView.m */; };
		231E8974249C9B6800397CB2 /* UIViewController+WHLBarItem.m in Sources */ = {isa = PBXBuildFile; fileRef = 231E895C249C9B6800397CB2 /* UIViewController+WHLBarItem.m */; };
		231E8975249C9B6800397CB2 /* UITableView+WHLRegisterCell.m in Sources */ = {isa = PBXBuildFile; fileRef = 231E8962249C9B6800397CB2 /* UITableView+WHLRegisterCell.m */; };
		231E897B249CBFAE00397CB2 /* UITableView+WHLFootNoDateView.m in Sources */ = {isa = PBXBuildFile; fileRef = 231E8979249CBFAE00397CB2 /* UITableView+WHLFootNoDateView.m */; };
		2340C8BA2B343B1600E9ED3C /* NSData+WHLCategory.m in Sources */ = {isa = PBXBuildFile; fileRef = 2340C8B82B343B1600E9ED3C /* NSData+WHLCategory.m */; };
		2340C8BD2B34443400E9ED3C /* NSObject+WHLDictPhysical.m in Sources */ = {isa = PBXBuildFile; fileRef = 2340C8BB2B34443300E9ED3C /* NSObject+WHLDictPhysical.m */; };
		235F672824C812C800980570 /* UIView+WHLRoundedCorner.m in Sources */ = {isa = PBXBuildFile; fileRef = 235F672724C812C800980570 /* UIView+WHLRoundedCorner.m */; };
		235F672B24C8137B00980570 /* UIView+WHLshadowLayer.m in Sources */ = {isa = PBXBuildFile; fileRef = 235F672924C8137A00980570 /* UIView+WHLshadowLayer.m */; };
		23618F77255BE1450082B85C /* WHL_WeakProxy.m in Sources */ = {isa = PBXBuildFile; fileRef = 23618F75255BE1450082B85C /* WHL_WeakProxy.m */; };
		2362AF4224ECC48C0062C9FE /* WHLFullscreenPopGesture.m in Sources */ = {isa = PBXBuildFile; fileRef = 2362AF4124ECC48C0062C9FE /* WHLFullscreenPopGesture.m */; };
		23877C1C2A08F20200C79E5F /* UIImage+WHLCompress.m in Sources */ = {isa = PBXBuildFile; fileRef = 23877C1B2A08F20200C79E5F /* UIImage+WHLCompress.m */; };
		23877C1F2A08F29300C79E5F /* UIImage+WHLProperty.m in Sources */ = {isa = PBXBuildFile; fileRef = 23877C1E2A08F29300C79E5F /* UIImage+WHLProperty.m */; };
		23D8EF5D2B52698800A8052B /* NSObject+WHLExtension.m in Sources */ = {isa = PBXBuildFile; fileRef = 23D8EF5C2B52698800A8052B /* NSObject+WHLExtension.m */; };
		3A7EE20BBC8C6ACFB5EA4BC9 /* Pods_whlCategory.framework in Frameworks */ = {isa = PBXBuildFile; fileRef = B810854740E8DE516100554E /* Pods_whlCategory.framework */; };
/* End PBXBuildFile section */

/* Begin PBXFileReference section */
		00718B2A203F712550E4E56A /* Pods-whlCategory.debug.xcconfig */ = {isa = PBXFileReference; includeInIndex = 1; lastKnownFileType = text.xcconfig; name = "Pods-whlCategory.debug.xcconfig"; path = "Target Support Files/Pods-whlCategory/Pods-whlCategory.debug.xcconfig"; sourceTree = "<group>"; };
		04E109A3EEB54AC3D35897C9 /* Pods-whlCategory.release.xcconfig */ = {isa = PBXFileReference; includeInIndex = 1; lastKnownFileType = text.xcconfig; name = "Pods-whlCategory.release.xcconfig"; path = "Target Support Files/Pods-whlCategory/Pods-whlCategory.release.xcconfig"; sourceTree = "<group>"; };
		231E8922249C9B0700397CB2 /* whlCategory.app */ = {isa = PBXFileReference; explicitFileType = wrapper.application; includeInIndex = 0; path = whlCategory.app; sourceTree = BUILT_PRODUCTS_DIR; };
		231E8925249C9B0700397CB2 /* AppDelegate.h */ = {isa = PBXFileReference; lastKnownFileType = sourcecode.c.h; path = AppDelegate.h; sourceTree = "<group>"; };
		231E8926249C9B0700397CB2 /* AppDelegate.m */ = {isa = PBXFileReference; lastKnownFileType = sourcecode.c.objc; path = AppDelegate.m; sourceTree = "<group>"; };
		231E8928249C9B0700397CB2 /* SceneDelegate.h */ = {isa = PBXFileReference; lastKnownFileType = sourcecode.c.h; path = SceneDelegate.h; sourceTree = "<group>"; };
		231E8929249C9B0700397CB2 /* SceneDelegate.m */ = {isa = PBXFileReference; lastKnownFileType = sourcecode.c.objc; path = SceneDelegate.m; sourceTree = "<group>"; };
		231E892B249C9B0700397CB2 /* ViewController.h */ = {isa = PBXFileReference; lastKnownFileType = sourcecode.c.h; path = ViewController.h; sourceTree = "<group>"; };
		231E892C249C9B0700397CB2 /* ViewController.m */ = {isa = PBXFileReference; lastKnownFileType = sourcecode.c.objc; path = ViewController.m; sourceTree = "<group>"; };
		231E892F249C9B0700397CB2 /* Base */ = {isa = PBXFileReference; lastKnownFileType = file.storyboard; name = Base; path = Base.lproj/Main.storyboard; sourceTree = "<group>"; };
		231E8931249C9B0800397CB2 /* Assets.xcassets */ = {isa = PBXFileReference; lastKnownFileType = folder.assetcatalog; path = Assets.xcassets; sourceTree = "<group>"; };
		231E8934249C9B0800397CB2 /* Base */ = {isa = PBXFileReference; lastKnownFileType = file.storyboard; name = Base; path = Base.lproj/LaunchScreen.storyboard; sourceTree = "<group>"; };
		231E8936249C9B0800397CB2 /* Info.plist */ = {isa = PBXFileReference; lastKnownFileType = text.plist.xml; path = Info.plist; sourceTree = "<group>"; };
		231E8937249C9B0800397CB2 /* main.m */ = {isa = PBXFileReference; lastKnownFileType = sourcecode.c.objc; path = main.m; sourceTree = "<group>"; };
		231E893F249C9B6800397CB2 /* UIView+WHLFrame.m */ = {isa = PBXFileReference; fileEncoding = 4; lastKnownFileType = sourcecode.c.objc; path = "UIView+WHLFrame.m"; sourceTree = "<group>"; };
		231E8940249C9B6800397CB2 /* UIView+WHLCornerRadius.h */ = {isa = PBXFileReference; fileEncoding = 4; lastKnownFileType = sourcecode.c.h; path = "UIView+WHLCornerRadius.h"; sourceTree = "<group>"; };
		231E8941249C9B6800397CB2 /* NSString+WHLAdditions.m */ = {isa = PBXFileReference; fileEncoding = 4; lastKnownFileType = sourcecode.c.objc; path = "NSString+WHLAdditions.m"; sourceTree = "<group>"; };
		231E8942249C9B6800397CB2 /* NSString+WHLAES128.m */ = {isa = PBXFileReference; fileEncoding = 4; lastKnownFileType = sourcecode.c.objc; path = "NSString+WHLAES128.m"; sourceTree = "<group>"; };
		231E8943249C9B6800397CB2 /* UIView+WHLCustomAlertView.m */ = {isa = PBXFileReference; fileEncoding = 4; lastKnownFileType = sourcecode.c.objc; path = "UIView+WHLCustomAlertView.m"; sourceTree = "<group>"; };
		231E8944249C9B6800397CB2 /* UITabBar+WHLTabBadgeView.h */ = {isa = PBXFileReference; fileEncoding = 4; lastKnownFileType = sourcecode.c.h; path = "UITabBar+WHLTabBadgeView.h"; sourceTree = "<group>"; };
		231E8945249C9B6800397CB2 /* UIBarButtonItem+WHLCreate.h */ = {isa = PBXFileReference; fileEncoding = 4; lastKnownFileType = sourcecode.c.h; path = "UIBarButtonItem+WHLCreate.h"; sourceTree = "<group>"; };
		231E8946249C9B6800397CB2 /* UICollectionView+WHLRegisterCell.h */ = {isa = PBXFileReference; fileEncoding = 4; lastKnownFileType = sourcecode.c.h; path = "UICollectionView+WHLRegisterCell.h"; sourceTree = "<group>"; };
		231E8947249C9B6800397CB2 /* UITextField+WHLPlaceholder.h */ = {isa = PBXFileReference; fileEncoding = 4; lastKnownFileType = sourcecode.c.h; path = "UITextField+WHLPlaceholder.h"; sourceTree = "<group>"; };
		231E8948249C9B6800397CB2 /* UIColor+WHLTransform.h */ = {isa = PBXFileReference; fileEncoding = 4; lastKnownFileType = sourcecode.c.h; path = "UIColor+WHLTransform.h"; sourceTree = "<group>"; };
		231E8949249C9B6800397CB2 /* NSDate+WHLCategory.h */ = {isa = PBXFileReference; fileEncoding = 4; lastKnownFileType = sourcecode.c.h; path = "NSDate+WHLCategory.h"; sourceTree = "<group>"; };
		231E894A249C9B6800397CB2 /* NSDictionary+WHLCategory.m */ = {isa = PBXFileReference; fileEncoding = 4; lastKnownFileType = sourcecode.c.objc; path = "NSDictionary+WHLCategory.m"; sourceTree = "<group>"; };
		231E894B249C9B6800397CB2 /* UIViewController+WHLBarItem.h */ = {isa = PBXFileReference; fileEncoding = 4; lastKnownFileType = sourcecode.c.h; path = "UIViewController+WHLBarItem.h"; sourceTree = "<group>"; };
		231E894C249C9B6800397CB2 /* UITableView+WHLRegisterCell.h */ = {isa = PBXFileReference; fileEncoding = 4; lastKnownFileType = sourcecode.c.h; path = "UITableView+WHLRegisterCell.h"; sourceTree = "<group>"; };
		231E894D249C9B6800397CB2 /* UINavigationBar+WHLHandle.m */ = {isa = PBXFileReference; fileEncoding = 4; lastKnownFileType = sourcecode.c.objc; path = "UINavigationBar+WHLHandle.m"; sourceTree = "<group>"; };
		231E894E249C9B6800397CB2 /* UIView+WHLNibLoad.m */ = {isa = PBXFileReference; fileEncoding = 4; lastKnownFileType = sourcecode.c.objc; path = "UIView+WHLNibLoad.m"; sourceTree = "<group>"; };
		231E894F249C9B6800397CB2 /* UITextView+WHLPlaceholder.m */ = {isa = PBXFileReference; fileEncoding = 4; lastKnownFileType = sourcecode.c.objc; path = "UITextView+WHLPlaceholder.m"; sourceTree = "<group>"; };
		231E8950249C9B6800397CB2 /* NSString+WHLAppPath.m */ = {isa = PBXFileReference; fileEncoding = 4; lastKnownFileType = sourcecode.c.objc; path = "NSString+WHLAppPath.m"; sourceTree = "<group>"; };
		231E8951249C9B6800397CB2 /* UIView+WHLCustomAlertView.h */ = {isa = PBXFileReference; fileEncoding = 4; lastKnownFileType = sourcecode.c.h; path = "UIView+WHLCustomAlertView.h"; sourceTree = "<group>"; };
		231E8952249C9B6800397CB2 /* NSString+WHLAES128.h */ = {isa = PBXFileReference; fileEncoding = 4; lastKnownFileType = sourcecode.c.h; path = "NSString+WHLAES128.h"; sourceTree = "<group>"; };
		231E8953249C9B6800397CB2 /* NSString+WHLAdditions.h */ = {isa = PBXFileReference; fileEncoding = 4; lastKnownFileType = sourcecode.c.h; path = "NSString+WHLAdditions.h"; sourceTree = "<group>"; };
		231E8954249C9B6800397CB2 /* UIView+WHLCornerRadius.m */ = {isa = PBXFileReference; fileEncoding = 4; lastKnownFileType = sourcecode.c.objc; path = "UIView+WHLCornerRadius.m"; sourceTree = "<group>"; };
		231E8955249C9B6800397CB2 /* UIView+WHLFrame.h */ = {isa = PBXFileReference; fileEncoding = 4; lastKnownFileType = sourcecode.c.h; path = "UIView+WHLFrame.h"; sourceTree = "<group>"; };
		231E8956249C9B6800397CB2 /* NSDate+WHLCategory.m */ = {isa = PBXFileReference; fileEncoding = 4; lastKnownFileType = sourcecode.c.objc; path = "NSDate+WHLCategory.m"; sourceTree = "<group>"; };
		231E8957249C9B6800397CB2 /* UITextField+WHLPlaceholder.m */ = {isa = PBXFileReference; fileEncoding = 4; lastKnownFileType = sourcecode.c.objc; path = "UITextField+WHLPlaceholder.m"; sourceTree = "<group>"; };
		231E8958249C9B6800397CB2 /* UIColor+WHLTransform.m */ = {isa = PBXFileReference; fileEncoding = 4; lastKnownFileType = sourcecode.c.objc; path = "UIColor+WHLTransform.m"; sourceTree = "<group>"; };
		231E8959249C9B6800397CB2 /* UICollectionView+WHLRegisterCell.m */ = {isa = PBXFileReference; fileEncoding = 4; lastKnownFileType = sourcecode.c.objc; path = "UICollectionView+WHLRegisterCell.m"; sourceTree = "<group>"; };
		231E895A249C9B6800397CB2 /* UIBarButtonItem+WHLCreate.m */ = {isa = PBXFileReference; fileEncoding = 4; lastKnownFileType = sourcecode.c.objc; path = "UIBarButtonItem+WHLCreate.m"; sourceTree = "<group>"; };
		231E895B249C9B6800397CB2 /* UITabBar+WHLTabBadgeView.m */ = {isa = PBXFileReference; fileEncoding = 4; lastKnownFileType = sourcecode.c.objc; path = "UITabBar+WHLTabBadgeView.m"; sourceTree = "<group>"; };
		231E895C249C9B6800397CB2 /* UIViewController+WHLBarItem.m */ = {isa = PBXFileReference; fileEncoding = 4; lastKnownFileType = sourcecode.c.objc; path = "UIViewController+WHLBarItem.m"; sourceTree = "<group>"; };
		231E895D249C9B6800397CB2 /* NSDictionary+WHLCategory.h */ = {isa = PBXFileReference; fileEncoding = 4; lastKnownFileType = sourcecode.c.h; path = "NSDictionary+WHLCategory.h"; sourceTree = "<group>"; };
		231E895E249C9B6800397CB2 /* NSString+WHLAppPath.h */ = {isa = PBXFileReference; fileEncoding = 4; lastKnownFileType = sourcecode.c.h; path = "NSString+WHLAppPath.h"; sourceTree = "<group>"; };
		231E895F249C9B6800397CB2 /* UITextView+WHLPlaceholder.h */ = {isa = PBXFileReference; fileEncoding = 4; lastKnownFileType = sourcecode.c.h; path = "UITextView+WHLPlaceholder.h"; sourceTree = "<group>"; };
		231E8960249C9B6800397CB2 /* UIView+WHLNibLoad.h */ = {isa = PBXFileReference; fileEncoding = 4; lastKnownFileType = sourcecode.c.h; path = "UIView+WHLNibLoad.h"; sourceTree = "<group>"; };
		231E8961249C9B6800397CB2 /* UINavigationBar+WHLHandle.h */ = {isa = PBXFileReference; fileEncoding = 4; lastKnownFileType = sourcecode.c.h; path = "UINavigationBar+WHLHandle.h"; sourceTree = "<group>"; };
		231E8962249C9B6800397CB2 /* UITableView+WHLRegisterCell.m */ = {isa = PBXFileReference; fileEncoding = 4; lastKnownFileType = sourcecode.c.objc; path = "UITableView+WHLRegisterCell.m"; sourceTree = "<group>"; };
		231E8963249C9B6800397CB2 /* WHLCateger.h */ = {isa = PBXFileReference; fileEncoding = 4; lastKnownFileType = sourcecode.c.h; path = WHLCateger.h; sourceTree = "<group>"; };
		231E8979249CBFAE00397CB2 /* UITableView+WHLFootNoDateView.m */ = {isa = PBXFileReference; fileEncoding = 4; lastKnownFileType = sourcecode.c.objc; path = "UITableView+WHLFootNoDateView.m"; sourceTree = "<group>"; };
		231E897A249CBFAE00397CB2 /* UITableView+WHLFootNoDateView.h */ = {isa = PBXFileReference; fileEncoding = 4; lastKnownFileType = sourcecode.c.h; path = "UITableView+WHLFootNoDateView.h"; sourceTree = "<group>"; };
		2340C8B82B343B1600E9ED3C /* NSData+WHLCategory.m */ = {isa = PBXFileReference; fileEncoding = 4; lastKnownFileType = sourcecode.c.objc; path = "NSData+WHLCategory.m"; sourceTree = "<group>"; };
		2340C8B92B343B1600E9ED3C /* NSData+WHLCategory.h */ = {isa = PBXFileReference; fileEncoding = 4; lastKnownFileType = sourcecode.c.h; path = "NSData+WHLCategory.h"; sourceTree = "<group>"; };
		2340C8BB2B34443300E9ED3C /* NSObject+WHLDictPhysical.m */ = {isa = PBXFileReference; fileEncoding = 4; lastKnownFileType = sourcecode.c.objc; path = "NSObject+WHLDictPhysical.m"; sourceTree = "<group>"; };
		2340C8BC2B34443400E9ED3C /* NSObject+WHLDictPhysical.h */ = {isa = PBXFileReference; fileEncoding = 4; lastKnownFileType = sourcecode.c.h; path = "NSObject+WHLDictPhysical.h"; sourceTree = "<group>"; };
		235F672624C812C800980570 /* UIView+WHLRoundedCorner.h */ = {isa = PBXFileReference; fileEncoding = 4; lastKnownFileType = sourcecode.c.h; path = "UIView+WHLRoundedCorner.h"; sourceTree = "<group>"; };
		235F672724C812C800980570 /* UIView+WHLRoundedCorner.m */ = {isa = PBXFileReference; fileEncoding = 4; lastKnownFileType = sourcecode.c.objc; path = "UIView+WHLRoundedCorner.m"; sourceTree = "<group>"; };
		235F672924C8137A00980570 /* UIView+WHLshadowLayer.m */ = {isa = PBXFileReference; fileEncoding = 4; lastKnownFileType = sourcecode.c.objc; path = "UIView+WHLshadowLayer.m"; sourceTree = "<group>"; };
		235F672A24C8137A00980570 /* UIView+WHLshadowLayer.h */ = {isa = PBXFileReference; fileEncoding = 4; lastKnownFileType = sourcecode.c.h; path = "UIView+WHLshadowLayer.h"; sourceTree = "<group>"; };
		23618F75255BE1450082B85C /* WHL_WeakProxy.m */ = {isa = PBXFileReference; fileEncoding = 4; lastKnownFileType = sourcecode.c.objc; path = WHL_WeakProxy.m; sourceTree = "<group>"; };
		23618F76255BE1450082B85C /* WHL_WeakProxy.h */ = {isa = PBXFileReference; fileEncoding = 4; lastKnownFileType = sourcecode.c.h; path = WHL_WeakProxy.h; sourceTree = "<group>"; };
		2362AF4024ECC48B0062C9FE /* WHLFullscreenPopGesture.h */ = {isa = PBXFileReference; fileEncoding = 4; lastKnownFileType = sourcecode.c.h; path = WHLFullscreenPopGesture.h; sourceTree = "<group>"; };
		2362AF4124ECC48C0062C9FE /* WHLFullscreenPopGesture.m */ = {isa = PBXFileReference; fileEncoding = 4; lastKnownFileType = sourcecode.c.objc; path = WHLFullscreenPopGesture.m; sourceTree = "<group>"; };
		23877C1A2A08F20200C79E5F /* UIImage+WHLCompress.h */ = {isa = PBXFileReference; fileEncoding = 4; lastKnownFileType = sourcecode.c.h; path = "UIImage+WHLCompress.h"; sourceTree = "<group>"; };
		23877C1B2A08F20200C79E5F /* UIImage+WHLCompress.m */ = {isa = PBXFileReference; fileEncoding = 4; lastKnownFileType = sourcecode.c.objc; path = "UIImage+WHLCompress.m"; sourceTree = "<group>"; };
		23877C1D2A08F29300C79E5F /* UIImage+WHLProperty.h */ = {isa = PBXFileReference; fileEncoding = 4; lastKnownFileType = sourcecode.c.h; path = "UIImage+WHLProperty.h"; sourceTree = "<group>"; };
		23877C1E2A08F29300C79E5F /* UIImage+WHLProperty.m */ = {isa = PBXFileReference; fileEncoding = 4; lastKnownFileType = sourcecode.c.objc; path = "UIImage+WHLProperty.m"; sourceTree = "<group>"; };
		23D8EF5B2B52698800A8052B /* NSObject+WHLExtension.h */ = {isa = PBXFileReference; lastKnownFileType = sourcecode.c.h; path = "NSObject+WHLExtension.h"; sourceTree = "<group>"; };
		23D8EF5C2B52698800A8052B /* NSObject+WHLExtension.m */ = {isa = PBXFileReference; lastKnownFileType = sourcecode.c.objc; path = "NSObject+WHLExtension.m"; sourceTree = "<group>"; };
		B810854740E8DE516100554E /* Pods_whlCategory.framework */ = {isa = PBXFileReference; explicitFileType = wrapper.framework; includeInIndex = 0; path = Pods_whlCategory.framework; sourceTree = BUILT_PRODUCTS_DIR; };
/* End PBXFileReference section */

/* Begin PBXFrameworksBuildPhase section */
		231E891F249C9B0700397CB2 /* Frameworks */ = {
			isa = PBXFrameworksBuildPhase;
			buildActionMask = 2147483647;
			files = (
				3A7EE20BBC8C6ACFB5EA4BC9 /* Pods_whlCategory.framework in Frameworks */,
			);
			runOnlyForDeploymentPostprocessing = 0;
		};
/* End PBXFrameworksBuildPhase section */

/* Begin PBXGroup section */
		102D2D525F6E6F8D7BCDFF54 /* Pods */ = {
			isa = PBXGroup;
			children = (
				00718B2A203F712550E4E56A /* Pods-whlCategory.debug.xcconfig */,
				04E109A3EEB54AC3D35897C9 /* Pods-whlCategory.release.xcconfig */,
			);
			path = Pods;
			sourceTree = "<group>";
		};
		231E8919249C9B0700397CB2 = {
			isa = PBXGroup;
			children = (
				231E8924249C9B0700397CB2 /* whlCategory */,
				231E8923249C9B0700397CB2 /* Products */,
				102D2D525F6E6F8D7BCDFF54 /* Pods */,
				C8C2A6109A9944CD7D341412 /* Frameworks */,
			);
			sourceTree = "<group>";
		};
		231E8923249C9B0700397CB2 /* Products */ = {
			isa = PBXGroup;
			children = (
				231E8922249C9B0700397CB2 /* whlCategory.app */,
			);
			name = Products;
			sourceTree = "<group>";
		};
		231E8924249C9B0700397CB2 /* whlCategory */ = {
			isa = PBXGroup;
			children = (
				231E893E249C9B6800397CB2 /* WHLCategory */,
				231E8925249C9B0700397CB2 /* AppDelegate.h */,
				231E8926249C9B0700397CB2 /* AppDelegate.m */,
				231E8928249C9B0700397CB2 /* SceneDelegate.h */,
				231E8929249C9B0700397CB2 /* SceneDelegate.m */,
				231E892B249C9B0700397CB2 /* ViewController.h */,
				231E892C249C9B0700397CB2 /* ViewController.m */,
				231E892E249C9B0700397CB2 /* Main.storyboard */,
				231E8931249C9B0800397CB2 /* Assets.xcassets */,
				231E8933249C9B0800397CB2 /* LaunchScreen.storyboard */,
				231E8936249C9B0800397CB2 /* Info.plist */,
				231E8937249C9B0800397CB2 /* main.m */,
			);
			path = whlCategory;
			sourceTree = "<group>";
		};
		231E893E249C9B6800397CB2 /* WHLCategory */ = {
			isa = PBXGroup;
			children = (
				2340C8B92B343B1600E9ED3C /* NSData+WHLCategory.h */,
				2340C8B82B343B1600E9ED3C /* NSData+WHLCategory.m */,
				231E8949249C9B6800397CB2 /* NSDate+WHLCategory.h */,
				231E8956249C9B6800397CB2 /* NSDate+WHLCategory.m */,
				231E895D249C9B6800397CB2 /* NSDictionary+WHLCategory.h */,
				231E894A249C9B6800397CB2 /* NSDictionary+WHLCategory.m */,
				231E8953249C9B6800397CB2 /* NSString+WHLAdditions.h */,
				231E8941249C9B6800397CB2 /* NSString+WHLAdditions.m */,
				231E8952249C9B6800397CB2 /* NSString+WHLAES128.h */,
				231E8942249C9B6800397CB2 /* NSString+WHLAES128.m */,
				231E895E249C9B6800397CB2 /* NSString+WHLAppPath.h */,
				231E8950249C9B6800397CB2 /* NSString+WHLAppPath.m */,
				231E8945249C9B6800397CB2 /* UIBarButtonItem+WHLCreate.h */,
				231E895A249C9B6800397CB2 /* UIBarButtonItem+WHLCreate.m */,
				231E8946249C9B6800397CB2 /* UICollectionView+WHLRegisterCell.h */,
				231E8959249C9B6800397CB2 /* UICollectionView+WHLRegisterCell.m */,
				231E8948249C9B6800397CB2 /* UIColor+WHLTransform.h */,
				231E8958249C9B6800397CB2 /* UIColor+WHLTransform.m */,
				23877C1A2A08F20200C79E5F /* UIImage+WHLCompress.h */,
				23877C1B2A08F20200C79E5F /* UIImage+WHLCompress.m */,
				23877C1D2A08F29300C79E5F /* UIImage+WHLProperty.h */,
				23877C1E2A08F29300C79E5F /* UIImage+WHLProperty.m */,
				231E8961249C9B6800397CB2 /* UINavigationBar+WHLHandle.h */,
				231E894D249C9B6800397CB2 /* UINavigationBar+WHLHandle.m */,
				231E8944249C9B6800397CB2 /* UITabBar+WHLTabBadgeView.h */,
				231E895B249C9B6800397CB2 /* UITabBar+WHLTabBadgeView.m */,
				231E897A249CBFAE00397CB2 /* UITableView+WHLFootNoDateView.h */,
				231E8979249CBFAE00397CB2 /* UITableView+WHLFootNoDateView.m */,
				231E894C249C9B6800397CB2 /* UITableView+WHLRegisterCell.h */,
				231E8962249C9B6800397CB2 /* UITableView+WHLRegisterCell.m */,
				231E8947249C9B6800397CB2 /* UITextField+WHLPlaceholder.h */,
				231E8957249C9B6800397CB2 /* UITextField+WHLPlaceholder.m */,
				231E895F249C9B6800397CB2 /* UITextView+WHLPlaceholder.h */,
				231E894F249C9B6800397CB2 /* UITextView+WHLPlaceholder.m */,
				231E8940249C9B6800397CB2 /* UIView+WHLCornerRadius.h */,
				231E8954249C9B6800397CB2 /* UIView+WHLCornerRadius.m */,
				231E8951249C9B6800397CB2 /* UIView+WHLCustomAlertView.h */,
				231E8943249C9B6800397CB2 /* UIView+WHLCustomAlertView.m */,
				231E8955249C9B6800397CB2 /* UIView+WHLFrame.h */,
				231E893F249C9B6800397CB2 /* UIView+WHLFrame.m */,
				231E8960249C9B6800397CB2 /* UIView+WHLNibLoad.h */,
				231E894E249C9B6800397CB2 /* UIView+WHLNibLoad.m */,
				235F672624C812C800980570 /* UIView+WHLRoundedCorner.h */,
				235F672724C812C800980570 /* UIView+WHLRoundedCorner.m */,
				235F672A24C8137A00980570 /* UIView+WHLshadowLayer.h */,
				235F672924C8137A00980570 /* UIView+WHLshadowLayer.m */,
				231E894B249C9B6800397CB2 /* UIViewController+WHLBarItem.h */,
				231E895C249C9B6800397CB2 /* UIViewController+WHLBarItem.m */,
				23618F76255BE1450082B85C /* WHL_WeakProxy.h */,
				23618F75255BE1450082B85C /* WHL_WeakProxy.m */,
				2340C8BC2B34443400E9ED3C /* NSObject+WHLDictPhysical.h */,
				2340C8BB2B34443300E9ED3C /* NSObject+WHLDictPhysical.m */,
				231E8963249C9B6800397CB2 /* WHLCateger.h */,
				2362AF4024ECC48B0062C9FE /* WHLFullscreenPopGesture.h */,
				2362AF4124ECC48C0062C9FE /* WHLFullscreenPopGesture.m */,
				23D8EF5B2B52698800A8052B /* NSObject+WHLExtension.h */,
				23D8EF5C2B52698800A8052B /* NSObject+WHLExtension.m */,
			);
			path = WHLCategory;
			sourceTree = "<group>";
		};
		C8C2A6109A9944CD7D341412 /* Frameworks */ = {
			isa = PBXGroup;
			children = (
				B810854740E8DE516100554E /* Pods_whlCategory.framework */,
			);
			name = Frameworks;
			sourceTree = "<group>";
		};
/* End PBXGroup section */

/* Begin PBXNativeTarget section */
		231E8921249C9B0700397CB2 /* whlCategory */ = {
			isa = PBXNativeTarget;
			buildConfigurationList = 231E893B249C9B0800397CB2 /* Build configuration list for PBXNativeTarget "whlCategory" */;
			buildPhases = (
				B3C4541403E7DA3E16EBB79A /* [CP] Check Pods Manifest.lock */,
				231E891E249C9B0700397CB2 /* Sources */,
				231E891F249C9B0700397CB2 /* Frameworks */,
				231E8920249C9B0700397CB2 /* Resources */,
			);
			buildRules = (
			);
			dependencies = (
			);
			name = whlCategory;
			productName = whlCategory;
			productReference = 231E8922249C9B0700397CB2 /* whlCategory.app */;
			productType = "com.apple.product-type.application";
		};
/* End PBXNativeTarget section */

/* Begin PBXProject section */
		231E891A249C9B0700397CB2 /* Project object */ = {
			isa = PBXProject;
			attributes = {
				LastUpgradeCheck = 1130;
				ORGANIZATIONNAME = FYSL;
				TargetAttributes = {
					231E8921249C9B0700397CB2 = {
						CreatedOnToolsVersion = 11.3.1;
					};
				};
			};
			buildConfigurationList = 231E891D249C9B0700397CB2 /* Build configuration list for PBXProject "whlCategory" */;
			compatibilityVersion = "Xcode 9.3";
			developmentRegion = en;
			hasScannedForEncodings = 0;
			knownRegions = (
				en,
				Base,
			);
			mainGroup = 231E8919249C9B0700397CB2;
			productRefGroup = 231E8923249C9B0700397CB2 /* Products */;
			projectDirPath = "";
			projectRoot = "";
			targets = (
				231E8921249C9B0700397CB2 /* whlCategory */,
			);
		};
/* End PBXProject section */

/* Begin PBXResourcesBuildPhase section */
		231E8920249C9B0700397CB2 /* Resources */ = {
			isa = PBXResourcesBuildPhase;
			buildActionMask = 2147483647;
			files = (
				231E8935249C9B0800397CB2 /* LaunchScreen.storyboard in Resources */,
				231E8932249C9B0800397CB2 /* Assets.xcassets in Resources */,
				231E8930249C9B0700397CB2 /* Main.storyboard in Resources */,
			);
			runOnlyForDeploymentPostprocessing = 0;
		};
/* End PBXResourcesBuildPhase section */

/* Begin PBXShellScriptBuildPhase section */
		B3C4541403E7DA3E16EBB79A /* [CP] Check Pods Manifest.lock */ = {
			isa = PBXShellScriptBuildPhase;
			buildActionMask = 2147483647;
			files = (
			);
			inputFileListPaths = (
			);
			inputPaths = (
				"${PODS_PODFILE_DIR_PATH}/Podfile.lock",
				"${PODS_ROOT}/Manifest.lock",
			);
			name = "[CP] Check Pods Manifest.lock";
			outputFileListPaths = (
			);
			outputPaths = (
				"$(DERIVED_FILE_DIR)/Pods-whlCategory-checkManifestLockResult.txt",
			);
			runOnlyForDeploymentPostprocessing = 0;
			shellPath = /bin/sh;
			shellScript = "diff \"${PODS_PODFILE_DIR_PATH}/Podfile.lock\" \"${PODS_ROOT}/Manifest.lock\" > /dev/null\nif [ $? != 0 ] ; then\n    # print error to STDERR\n    echo \"error: The sandbox is not in sync with the Podfile.lock. Run 'pod install' or update your CocoaPods installation.\" >&2\n    exit 1\nfi\n# This output is used by Xcode 'outputs' to avoid re-running this script phase.\necho \"SUCCESS\" > \"${SCRIPT_OUTPUT_FILE_0}\"\n";
			showEnvVarsInLog = 0;
		};
/* End PBXShellScriptBuildPhase section */

/* Begin PBXSourcesBuildPhase section */
		231E891E249C9B0700397CB2 /* Sources */ = {
			isa = PBXSourcesBuildPhase;
			buildActionMask = 2147483647;
			files = (
				231E892D249C9B0700397CB2 /* ViewController.m in Sources */,
				2362AF4224ECC48C0062C9FE /* WHLFullscreenPopGesture.m in Sources */,
				2340C8BD2B34443400E9ED3C /* NSObject+WHLDictPhysical.m in Sources */,
				231E8972249C9B6800397CB2 /* UIBarButtonItem+WHLCreate.m in Sources */,
				231E896A249C9B6800397CB2 /* UIView+WHLNibLoad.m in Sources */,
				231E8969249C9B6800397CB2 /* UINavigationBar+WHLHandle.m in Sources */,
				23D8EF5D2B52698800A8052B /* NSObject+WHLExtension.m in Sources */,
				231E8927249C9B0700397CB2 /* AppDelegate.m in Sources */,
				235F672B24C8137B00980570 /* UIView+WHLshadowLayer.m in Sources */,
				231E8968249C9B6800397CB2 /* NSDictionary+WHLCategory.m in Sources */,
				231E8975249C9B6800397CB2 /* UITableView+WHLRegisterCell.m in Sources */,
				23618F77255BE1450082B85C /* WHL_WeakProxy.m in Sources */,
				231E8973249C9B6800397CB2 /* UITabBar+WHLTabBadgeView.m in Sources */,
				231E8938249C9B0800397CB2 /* main.m in Sources */,
				231E896C249C9B6800397CB2 /* NSString+WHLAppPath.m in Sources */,
				231E8974249C9B6800397CB2 /* UIViewController+WHLBarItem.m in Sources */,
				231E896F249C9B6800397CB2 /* UITextField+WHLPlaceholder.m in Sources */,
				231E8970249C9B6800397CB2 /* UIColor+WHLTransform.m in Sources */,
				231E8971249C9B6800397CB2 /* UICollectionView+WHLRegisterCell.m in Sources */,
				231E8967249C9B6800397CB2 /* UIView+WHLCustomAlertView.m in Sources */,
				231E8965249C9B6800397CB2 /* NSString+WHLAdditions.m in Sources */,
				23877C1C2A08F20200C79E5F /* UIImage+WHLCompress.m in Sources */,
				2340C8BA2B343B1600E9ED3C /* NSData+WHLCategory.m in Sources */,
				231E892A249C9B0700397CB2 /* SceneDelegate.m in Sources */,
				231E896B249C9B6800397CB2 /* UITextView+WHLPlaceholder.m in Sources */,
				231E8966249C9B6800397CB2 /* NSString+WHLAES128.m in Sources */,
				235F672824C812C800980570 /* UIView+WHLRoundedCorner.m in Sources */,
				231E8964249C9B6800397CB2 /* UIView+WHLFrame.m in Sources */,
				231E896E249C9B6800397CB2 /* NSDate+WHLCategory.m in Sources */,
				231E896D249C9B6800397CB2 /* UIView+WHLCornerRadius.m in Sources */,
				23877C1F2A08F29300C79E5F /* UIImage+WHLProperty.m in Sources */,
				231E897B249CBFAE00397CB2 /* UITableView+WHLFootNoDateView.m in Sources */,
			);
			runOnlyForDeploymentPostprocessing = 0;
		};
/* End PBXSourcesBuildPhase section */

/* Begin PBXVariantGroup section */
		231E892E249C9B0700397CB2 /* Main.storyboard */ = {
			isa = PBXVariantGroup;
			children = (
				231E892F249C9B0700397CB2 /* Base */,
			);
			name = Main.storyboard;
			sourceTree = "<group>";
		};
		231E8933249C9B0800397CB2 /* LaunchScreen.storyboard */ = {
			isa = PBXVariantGroup;
			children = (
				231E8934249C9B0800397CB2 /* Base */,
			);
			name = LaunchScreen.storyboard;
			sourceTree = "<group>";
		};
/* End PBXVariantGroup section */

/* Begin XCBuildConfiguration section */
		231E8939249C9B0800397CB2 /* Debug */ = {
			isa = XCBuildConfiguration;
			buildSettings = {
				ALWAYS_SEARCH_USER_PATHS = NO;
				CLANG_ANALYZER_NONNULL = YES;
				CLANG_ANALYZER_NUMBER_OBJECT_CONVERSION = YES_AGGRESSIVE;
				CLANG_CXX_LANGUAGE_STANDARD = "gnu++14";
				CLANG_CXX_LIBRARY = "libc++";
				CLANG_ENABLE_MODULES = YES;
				CLANG_ENABLE_OBJC_ARC = YES;
				CLANG_ENABLE_OBJC_WEAK = YES;
				CLANG_WARN_BLOCK_CAPTURE_AUTORELEASING = YES;
				CLANG_WARN_BOOL_CONVERSION = YES;
				CLANG_WARN_COMMA = YES;
				CLANG_WARN_CONSTANT_CONVERSION = YES;
				CLANG_WARN_DEPRECATED_OBJC_IMPLEMENTATIONS = YES;
				CLANG_WARN_DIRECT_OBJC_ISA_USAGE = YES_ERROR;
				CLANG_WARN_DOCUMENTATION_COMMENTS = YES;
				CLANG_WARN_EMPTY_BODY = YES;
				CLANG_WARN_ENUM_CONVERSION = YES;
				CLANG_WARN_INFINITE_RECURSION = YES;
				CLANG_WARN_INT_CONVERSION = YES;
				CLANG_WARN_NON_LITERAL_NULL_CONVERSION = YES;
				CLANG_WARN_OBJC_IMPLICIT_RETAIN_SELF = YES;
				CLANG_WARN_OBJC_LITERAL_CONVERSION = YES;
				CLANG_WARN_OBJC_ROOT_CLASS = YES_ERROR;
				CLANG_WARN_RANGE_LOOP_ANALYSIS = YES;
				CLANG_WARN_STRICT_PROTOTYPES = YES;
				CLANG_WARN_SUSPICIOUS_MOVE = YES;
				CLANG_WARN_UNGUARDED_AVAILABILITY = YES_AGGRESSIVE;
				CLANG_WARN_UNREACHABLE_CODE = YES;
				CLANG_WARN__DUPLICATE_METHOD_MATCH = YES;
				COPY_PHASE_STRIP = NO;
				DEBUG_INFORMATION_FORMAT = dwarf;
				ENABLE_STRICT_OBJC_MSGSEND = YES;
				ENABLE_TESTABILITY = YES;
				GCC_C_LANGUAGE_STANDARD = gnu11;
				GCC_DYNAMIC_NO_PIC = NO;
				GCC_NO_COMMON_BLOCKS = YES;
				GCC_OPTIMIZATION_LEVEL = 0;
				GCC_PREPROCESSOR_DEFINITIONS = (
					"DEBUG=1",
					"$(inherited)",
				);
				GCC_WARN_64_TO_32_BIT_CONVERSION = YES;
				GCC_WARN_ABOUT_RETURN_TYPE = YES_ERROR;
				GCC_WARN_UNDECLARED_SELECTOR = YES;
				GCC_WARN_UNINITIALIZED_AUTOS = YES_AGGRESSIVE;
				GCC_WARN_UNUSED_FUNCTION = YES;
				GCC_WARN_UNUSED_VARIABLE = YES;
				GENERATE_INFOPLIST_FILE = YES;
				INFOPLIST_FILE = whlCategory/Info.plist;
				IPHONEOS_DEPLOYMENT_TARGET = 13.2;
				MTL_ENABLE_DEBUG_INFO = INCLUDE_SOURCE;
				MTL_FAST_MATH = YES;
				ONLY_ACTIVE_ARCH = YES;
				SDKROOT = iphoneos;
			};
			name = Debug;
		};
		231E893A249C9B0800397CB2 /* Release */ = {
			isa = XCBuildConfiguration;
			buildSettings = {
				ALWAYS_SEARCH_USER_PATHS = NO;
				CLANG_ANALYZER_NONNULL = YES;
				CLANG_ANALYZER_NUMBER_OBJECT_CONVERSION = YES_AGGRESSIVE;
				CLANG_CXX_LANGUAGE_STANDARD = "gnu++14";
				CLANG_CXX_LIBRARY = "libc++";
				CLANG_ENABLE_MODULES = YES;
				CLANG_ENABLE_OBJC_ARC = YES;
				CLANG_ENABLE_OBJC_WEAK = YES;
				CLANG_WARN_BLOCK_CAPTURE_AUTORELEASING = YES;
				CLANG_WARN_BOOL_CONVERSION = YES;
				CLANG_WARN_COMMA = YES;
				CLANG_WARN_CONSTANT_CONVERSION = YES;
				CLANG_WARN_DEPRECATED_OBJC_IMPLEMENTATIONS = YES;
				CLANG_WARN_DIRECT_OBJC_ISA_USAGE = YES_ERROR;
				CLANG_WARN_DOCUMENTATION_COMMENTS = YES;
				CLANG_WARN_EMPTY_BODY = YES;
				CLANG_WARN_ENUM_CONVERSION = YES;
				CLANG_WARN_INFINITE_RECURSION = YES;
				CLANG_WARN_INT_CONVERSION = YES;
				CLANG_WARN_NON_LITERAL_NULL_CONVERSION = YES;
				CLANG_WARN_OBJC_IMPLICIT_RETAIN_SELF = YES;
				CLANG_WARN_OBJC_LITERAL_CONVERSION = YES;
				CLANG_WARN_OBJC_ROOT_CLASS = YES_ERROR;
				CLANG_WARN_RANGE_LOOP_ANALYSIS = YES;
				CLANG_WARN_STRICT_PROTOTYPES = YES;
				CLANG_WARN_SUSPICIOUS_MOVE = YES;
				CLANG_WARN_UNGUARDED_AVAILABILITY = YES_AGGRESSIVE;
				CLANG_WARN_UNREACHABLE_CODE = YES;
				CLANG_WARN__DUPLICATE_METHOD_MATCH = YES;
				COPY_PHASE_STRIP = NO;
				DEBUG_INFORMATION_FORMAT = "dwarf-with-dsym";
				ENABLE_NS_ASSERTIONS = NO;
				ENABLE_STRICT_OBJC_MSGSEND = YES;
				GCC_C_LANGUAGE_STANDARD = gnu11;
				GCC_NO_COMMON_BLOCKS = YES;
				GCC_WARN_64_TO_32_BIT_CONVERSION = YES;
				GCC_WARN_ABOUT_RETURN_TYPE = YES_ERROR;
				GCC_WARN_UNDECLARED_SELECTOR = YES;
				GCC_WARN_UNINITIALIZED_AUTOS = YES_AGGRESSIVE;
				GCC_WARN_UNUSED_FUNCTION = YES;
				GCC_WARN_UNUSED_VARIABLE = YES;
				GENERATE_INFOPLIST_FILE = YES;
				INFOPLIST_FILE = whlCategory/Info.plist;
				IPHONEOS_DEPLOYMENT_TARGET = 13.2;
				MTL_ENABLE_DEBUG_INFO = NO;
				MTL_FAST_MATH = YES;
				SDKROOT = iphoneos;
				VALIDATE_PRODUCT = YES;
			};
			name = Release;
		};
		231E893C249C9B0800397CB2 /* Debug */ = {
			isa = XCBuildConfiguration;
			baseConfigurationReference = 00718B2A203F712550E4E56A /* Pods-whlCategory.debug.xcconfig */;
			buildSettings = {
				ASSETCATALOG_COMPILER_APPICON_NAME = AppIcon;
				CODE_SIGN_STYLE = Automatic;
				DEVELOPMENT_TEAM = X45VZM2FPC;
				GENERATE_INFOPLIST_FILE = YES;
				INFOPLIST_FILE = whlCategory/Info.plist;
				INFOPLIST_KEY_UILaunchStoryboardName = LaunchScreen;
				INFOPLIST_KEY_UIMainStoryboardFile = Main;
				INFOPLIST_KEY_UIRequiredDeviceCapabilities = armv7;
				INFOPLIST_KEY_UISupportedInterfaceOrientations = UIInterfaceOrientationPortrait;
				INFOPLIST_KEY_UISupportedInterfaceOrientations_iPad = "UIInterfaceOrientationPortrait UIInterfaceOrientationPortraitUpsideDown UIInterfaceOrientationLandscapeLeft UIInterfaceOrientationLandscapeRight";
				IPHONEOS_DEPLOYMENT_TARGET = 11.0;
				LD_RUNPATH_SEARCH_PATHS = (
					"$(inherited)",
					"@executable_path/Frameworks",
				);
				PRODUCT_BUNDLE_IDENTIFIER = com.zipingTest.yuanyoutong;
				PRODUCT_NAME = "$(TARGET_NAME)";
				TARGETED_DEVICE_FAMILY = 1;
			};
			name = Debug;
		};
		231E893D249C9B0800397CB2 /* Release */ = {
			isa = XCBuildConfiguration;
			baseConfigurationReference = 04E109A3EEB54AC3D35897C9 /* Pods-whlCategory.release.xcconfig */;
			buildSettings = {
				ASSETCATALOG_COMPILER_APPICON_NAME = AppIcon;
				CODE_SIGN_STYLE = Automatic;
				DEVELOPMENT_TEAM = X45VZM2FPC;
				GENERATE_INFOPLIST_FILE = YES;
				INFOPLIST_FILE = whlCategory/Info.plist;
				INFOPLIST_KEY_UILaunchStoryboardName = LaunchScreen;
				INFOPLIST_KEY_UIMainStoryboardFile = Main;
				INFOPLIST_KEY_UIRequiredDeviceCapabilities = armv7;
				INFOPLIST_KEY_UISupportedInterfaceOrientations = UIInterfaceOrientationPortrait;
				INFOPLIST_KEY_UISupportedInterfaceOrientations_iPad = "UIInterfaceOrientationPortrait UIInterfaceOrientationPortraitUpsideDown UIInterfaceOrientationLandscapeLeft UIInterfaceOrientationLandscapeRight";
				IPHONEOS_DEPLOYMENT_TARGET = 11.0;
				LD_RUNPATH_SEARCH_PATHS = (
					"$(inherited)",
					"@executable_path/Frameworks",
				);
				PRODUCT_BUNDLE_IDENTIFIER = com.zipingTest.yuanyoutong;
				PRODUCT_NAME = "$(TARGET_NAME)";
				TARGETED_DEVICE_FAMILY = 1;
			};
			name = Release;
		};
/* End XCBuildConfiguration section */

/* Begin XCConfigurationList section */
		231E891D249C9B0700397CB2 /* Build configuration list for PBXProject "whlCategory" */ = {
			isa = XCConfigurationList;
			buildConfigurations = (
				231E8939249C9B0800397CB2 /* Debug */,
				231E893A249C9B0800397CB2 /* Release */,
			);
			defaultConfigurationIsVisible = 0;
			defaultConfigurationName = Release;
		};
		231E893B249C9B0800397CB2 /* Build configuration list for PBXNativeTarget "whlCategory" */ = {
			isa = XCConfigurationList;
			buildConfigurations = (
				231E893C249C9B0800397CB2 /* Debug */,
				231E893D249C9B0800397CB2 /* Release */,
			);
			defaultConfigurationIsVisible = 0;
			defaultConfigurationName = Release;
		};
/* End XCConfigurationList section */
	};
	rootObject = 231E891A249C9B0700397CB2 /* Project object */;
}
